// !$*UTF8*$!
{
	archiveVersion = 1;
	classes = {
	};
	objectVersion = 46;
	objects = {

/* Begin PBXBuildFile section */
		9AAB07C51CB52E18008A5D9D /* main.m in Sources */ = {isa = PBXBuildFile; fileRef = 9AAB07C41CB52E18008A5D9D /* main.m */; };
		9AAB07C81CB52E18008A5D9D /* AppDelegate.m in Sources */ = {isa = PBXBuildFile; fileRef = 9AAB07C71CB52E18008A5D9D /* AppDelegate.m */; };
		9AAB07CB1CB52E18008A5D9D /* ViewController.m in Sources */ = {isa = PBXBuildFile; fileRef = 9AAB07CA1CB52E18008A5D9D /* ViewController.m */; };
		9AAB07CE1CB52E18008A5D9D /* Main.storyboard in Resources */ = {isa = PBXBuildFile; fileRef = 9AAB07CC1CB52E18008A5D9D /* Main.storyboard */; };
		9AAB07D01CB52E18008A5D9D /* Assets.xcassets in Resources */ = {isa = PBXBuildFile; fileRef = 9AAB07CF1CB52E18008A5D9D /* Assets.xcassets */; };
		9AAB07D31CB52E18008A5D9D /* LaunchScreen.storyboard in Resources */ = {isa = PBXBuildFile; fileRef = 9AAB07D11CB52E18008A5D9D /* LaunchScreen.storyboard */; };
		9AAB07DE1CB52E18008A5D9D /* MyUICatalogTests.m in Sources */ = {isa = PBXBuildFile; fileRef = 9AAB07DD1CB52E18008A5D9D /* MyUICatalogTests.m */; };
		9AAB07F01CB53231008A5D9D /* HLCoordinateView.m in Sources */ = {isa = PBXBuildFile; fileRef = 9AAB07EF1CB53231008A5D9D /* HLCoordinateView.m */; };
		9AAB07F61CB5333A008A5D9D /* HLAlertView.m in Sources */ = {isa = PBXBuildFile; fileRef = 9AAB07F51CB5333A008A5D9D /* HLAlertView.m */; };
		9AAB07FA1CB534D6008A5D9D /* alert_cancel@2x.png in Resources */ = {isa = PBXBuildFile; fileRef = 9AAB07F81CB534D6008A5D9D /* alert_cancel@2x.png */; };
		9AAB07FB1CB534D6008A5D9D /* alert_confirm@2x.png in Resources */ = {isa = PBXBuildFile; fileRef = 9AAB07F91CB534D6008A5D9D /* alert_confirm@2x.png */; };
/* End PBXBuildFile section */

/* Begin PBXContainerItemProxy section */
		9AAB07DA1CB52E18008A5D9D /* PBXContainerItemProxy */ = {
			isa = PBXContainerItemProxy;
			containerPortal = 9AAB07B81CB52E18008A5D9D /* Project object */;
			proxyType = 1;
			remoteGlobalIDString = 9AAB07BF1CB52E18008A5D9D;
			remoteInfo = MyUICatalog;
		};
/* End PBXContainerItemProxy section */

/* Begin PBXFileReference section */
		9AAB07C01CB52E18008A5D9D /* MyUICatalog.app */ = {isa = PBXFileReference; explicitFileType = wrapper.application; includeInIndex = 0; path = MyUICatalog.app; sourceTree = BUILT_PRODUCTS_DIR; };
		9AAB07C41CB52E18008A5D9D /* main.m */ = {isa = PBXFileReference; lastKnownFileType = sourcecode.c.objc; path = main.m; sourceTree = "<group>"; };
		9AAB07C61CB52E18008A5D9D /* AppDelegate.h */ = {isa = PBXFileReference; lastKnownFileType = sourcecode.c.h; path = AppDelegate.h; sourceTree = "<group>"; };
		9AAB07C71CB52E18008A5D9D /* AppDelegate.m */ = {isa = PBXFileReference; lastKnownFileType = sourcecode.c.objc; path = AppDelegate.m; sourceTree = "<group>"; };
		9AAB07C91CB52E18008A5D9D /* ViewController.h */ = {isa = PBXFileReference; lastKnownFileType = sourcecode.c.h; path = ViewController.h; sourceTree = "<group>"; };
		9AAB07CA1CB52E18008A5D9D /* ViewController.m */ = {isa = PBXFileReference; lastKnownFileType = sourcecode.c.objc; path = ViewController.m; sourceTree = "<group>"; };
		9AAB07CD1CB52E18008A5D9D /* Base */ = {isa = PBXFileReference; lastKnownFileType = file.storyboard; name = Base; path = Base.lproj/Main.storyboard; sourceTree = "<group>"; };
		9AAB07CF1CB52E18008A5D9D /* Assets.xcassets */ = {isa = PBXFileReference; lastKnownFileType = folder.assetcatalog; path = Assets.xcassets; sourceTree = "<group>"; };
		9AAB07D21CB52E18008A5D9D /* Base */ = {isa = PBXFileReference; lastKnownFileType = file.storyboard; name = Base; path = Base.lproj/LaunchScreen.storyboard; sourceTree = "<group>"; };
		9AAB07D41CB52E18008A5D9D /* Info.plist */ = {isa = PBXFileReference; lastKnownFileType = text.plist.xml; path = Info.plist; sourceTree = "<group>"; };
		9AAB07D91CB52E18008A5D9D /* MyUICatalogTests.xctest */ = {isa = PBXFileReference; explicitFileType = wrapper.cfbundle; includeInIndex = 0; path = MyUICatalogTests.xctest; sourceTree = BUILT_PRODUCTS_DIR; };
		9AAB07DD1CB52E18008A5D9D /* MyUICatalogTests.m */ = {isa = PBXFileReference; lastKnownFileType = sourcecode.c.objc; path = MyUICatalogTests.m; sourceTree = "<group>"; };
		9AAB07DF1CB52E18008A5D9D /* Info.plist */ = {isa = PBXFileReference; lastKnownFileType = text.plist.xml; path = Info.plist; sourceTree = "<group>"; };
		9AAB07EE1CB53231008A5D9D /* HLCoordinateView.h */ = {isa = PBXFileReference; fileEncoding = 4; lastKnownFileType = sourcecode.c.h; path = HLCoordinateView.h; sourceTree = "<group>"; };
		9AAB07EF1CB53231008A5D9D /* HLCoordinateView.m */ = {isa = PBXFileReference; fileEncoding = 4; lastKnownFileType = sourcecode.c.objc; path = HLCoordinateView.m; sourceTree = "<group>"; };
		9AAB07F41CB5333A008A5D9D /* HLAlertView.h */ = {isa = PBXFileReference; fileEncoding = 4; lastKnownFileType = sourcecode.c.h; path = HLAlertView.h; sourceTree = "<group>"; };
		9AAB07F51CB5333A008A5D9D /* HLAlertView.m */ = {isa = PBXFileReference; fileEncoding = 4; lastKnownFileType = sourcecode.c.objc; path = HLAlertView.m; sourceTree = "<group>"; };
		9AAB07F81CB534D6008A5D9D /* alert_cancel@2x.png */ = {isa = PBXFileReference; lastKnownFileType = image.png; path = "alert_cancel@2x.png"; sourceTree = "<group>"; };
		9AAB07F91CB534D6008A5D9D /* alert_confirm@2x.png */ = {isa = PBXFileReference; lastKnownFileType = image.png; path = "alert_confirm@2x.png"; sourceTree = "<group>"; };
/* End PBXFileReference section */

/* Begin PBXFrameworksBuildPhase section */
		9AAB07BD1CB52E18008A5D9D /* Frameworks */ = {
			isa = PBXFrameworksBuildPhase;
			buildActionMask = 2147483647;
			files = (
			);
			runOnlyForDeploymentPostprocessing = 0;
		};
		9AAB07D61CB52E18008A5D9D /* Frameworks */ = {
			isa = PBXFrameworksBuildPhase;
			buildActionMask = 2147483647;
			files = (
			);
			runOnlyForDeploymentPostprocessing = 0;
		};
/* End PBXFrameworksBuildPhase section */

/* Begin PBXGroup section */
		9AAB07B71CB52E18008A5D9D = {
			isa = PBXGroup;
			children = (
				9AAB07ED1CB531A0008A5D9D /* Classes */,
				9AAB07F71CB534BA008A5D9D /* Resources */,
				9AAB07C21CB52E18008A5D9D /* MyUICatalog */,
				9AAB07DC1CB52E18008A5D9D /* MyUICatalogTests */,
				9AAB07C11CB52E18008A5D9D /* Products */,
			);
			sourceTree = "<group>";
		};
		9AAB07C11CB52E18008A5D9D /* Products */ = {
			isa = PBXGroup;
			children = (
				9AAB07C01CB52E18008A5D9D /* MyUICatalog.app */,
				9AAB07D91CB52E18008A5D9D /* MyUICatalogTests.xctest */,
			);
			name = Products;
			sourceTree = "<group>";
		};
		9AAB07C21CB52E18008A5D9D /* MyUICatalog */ = {
			isa = PBXGroup;
			children = (
				9AAB07C61CB52E18008A5D9D /* AppDelegate.h */,
				9AAB07C71CB52E18008A5D9D /* AppDelegate.m */,
				9AAB07C91CB52E18008A5D9D /* ViewController.h */,
				9AAB07CA1CB52E18008A5D9D /* ViewController.m */,
				9AAB07CC1CB52E18008A5D9D /* Main.storyboard */,
				9AAB07CF1CB52E18008A5D9D /* Assets.xcassets */,
				9AAB07D11CB52E18008A5D9D /* LaunchScreen.storyboard */,
				9AAB07D41CB52E18008A5D9D /* Info.plist */,
				9AAB07C31CB52E18008A5D9D /* Supporting Files */,
			);
			path = MyUICatalog;
			sourceTree = "<group>";
		};
		9AAB07C31CB52E18008A5D9D /* Supporting Files */ = {
			isa = PBXGroup;
			children = (
				9AAB07C41CB52E18008A5D9D /* main.m */,
			);
			name = "Supporting Files";
			sourceTree = "<group>";
		};
		9AAB07DC1CB52E18008A5D9D /* MyUICatalogTests */ = {
			isa = PBXGroup;
			children = (
				9AAB07DD1CB52E18008A5D9D /* MyUICatalogTests.m */,
				9AAB07DF1CB52E18008A5D9D /* Info.plist */,
			);
			path = MyUICatalogTests;
			sourceTree = "<group>";
		};
		9AAB07ED1CB531A0008A5D9D /* Classes */ = {
			isa = PBXGroup;
			children = (
				9AAB07EE1CB53231008A5D9D /* HLCoordinateView.h */,
				9AAB07EF1CB53231008A5D9D /* HLCoordinateView.m */,
				9AAB07F41CB5333A008A5D9D /* HLAlertView.h */,
				9AAB07F51CB5333A008A5D9D /* HLAlertView.m */,
			);
			path = Classes;
			sourceTree = "<group>";
		};
		9AAB07F71CB534BA008A5D9D /* Resources */ = {
			isa = PBXGroup;
			children = (
				9AAB07F81CB534D6008A5D9D /* alert_cancel@2x.png */,
				9AAB07F91CB534D6008A5D9D /* alert_confirm@2x.png */,
			);
			path = Resources;
			sourceTree = "<group>";
		};
/* End PBXGroup section */

/* Begin PBXNativeTarget section */
		9AAB07BF1CB52E18008A5D9D /* MyUICatalog */ = {
			isa = PBXNativeTarget;
			buildConfigurationList = 9AAB07E21CB52E18008A5D9D /* Build configuration list for PBXNativeTarget "MyUICatalog" */;
			buildPhases = (
				9AAB07BC1CB52E18008A5D9D /* Sources */,
				9AAB07BD1CB52E18008A5D9D /* Frameworks */,
				9AAB07BE1CB52E18008A5D9D /* Resources */,
			);
			buildRules = (
			);
			dependencies = (
			);
			name = MyUICatalog;
			productName = MyUICatalog;
			productReference = 9AAB07C01CB52E18008A5D9D /* MyUICatalog.app */;
			productType = "com.apple.product-type.application";
		};
		9AAB07D81CB52E18008A5D9D /* MyUICatalogTests */ = {
			isa = PBXNativeTarget;
			buildConfigurationList = 9AAB07E51CB52E18008A5D9D /* Build configuration list for PBXNativeTarget "MyUICatalogTests" */;
			buildPhases = (
				9AAB07D51CB52E18008A5D9D /* Sources */,
				9AAB07D61CB52E18008A5D9D /* Frameworks */,
				9AAB07D71CB52E18008A5D9D /* Resources */,
			);
			buildRules = (
			);
			dependencies = (
				9AAB07DB1CB52E18008A5D9D /* PBXTargetDependency */,
			);
			name = MyUICatalogTests;
			productName = MyUICatalogTests;
			productReference = 9AAB07D91CB52E18008A5D9D /* MyUICatalogTests.xctest */;
			productType = "com.apple.product-type.bundle.unit-test";
		};
/* End PBXNativeTarget section */

/* Begin PBXProject section */
		9AAB07B81CB52E18008A5D9D /* Project object */ = {
			isa = PBXProject;
			attributes = {
				LastUpgradeCheck = 0720;
				ORGANIZATIONNAME = Hanly;
				TargetAttributes = {
					9AAB07BF1CB52E18008A5D9D = {
						CreatedOnToolsVersion = 7.2;
					};
					9AAB07D81CB52E18008A5D9D = {
						CreatedOnToolsVersion = 7.2;
						TestTargetID = 9AAB07BF1CB52E18008A5D9D;
					};
				};
			};
			buildConfigurationList = 9AAB07BB1CB52E18008A5D9D /* Build configuration list for PBXProject "MyUICatalog" */;
			compatibilityVersion = "Xcode 3.2";
			developmentRegion = English;
			hasScannedForEncodings = 0;
			knownRegions = (
				en,
				Base,
			);
			mainGroup = 9AAB07B71CB52E18008A5D9D;
			productRefGroup = 9AAB07C11CB52E18008A5D9D /* Products */;
			projectDirPath = "";
			projectRoot = "";
			targets = (
				9AAB07BF1CB52E18008A5D9D /* MyUICatalog */,
				9AAB07D81CB52E18008A5D9D /* MyUICatalogTests */,
			);
		};
/* End PBXProject section */

/* Begin PBXResourcesBuildPhase section */
		9AAB07BE1CB52E18008A5D9D /* Resources */ = {
			isa = PBXResourcesBuildPhase;
			buildActionMask = 2147483647;
			files = (
				9AAB07FA1CB534D6008A5D9D /* alert_cancel@2x.png in Resources */,
				9AAB07D31CB52E18008A5D9D /* LaunchScreen.storyboard in Resources */,
				9AAB07D01CB52E18008A5D9D /* Assets.xcassets in Resources */,
				9AAB07CE1CB52E18008A5D9D /* Main.storyboard in Resources */,
				9AAB07FB1CB534D6008A5D9D /* alert_confirm@2x.png in Resources */,
			);
			runOnlyForDeploymentPostprocessing = 0;
		};
		9AAB07D71CB52E18008A5D9D /* Resources */ = {
			isa = PBXResourcesBuildPhase;
			buildActionMask = 2147483647;
			files = (
			);
			runOnlyForDeploymentPostprocessing = 0;
		};
/* End PBXResourcesBuildPhase section */

/* Begin PBXSourcesBuildPhase section */
		9AAB07BC1CB52E18008A5D9D /* Sources */ = {
			isa = PBXSourcesBuildPhase;
			buildActionMask = 2147483647;
			files = (
				9AAB07F01CB53231008A5D9D /* HLCoordinateView.m in Sources */,
				9AAB07F61CB5333A008A5D9D /* HLAlertView.m in Sources */,
				9AAB07CB1CB52E18008A5D9D /* ViewController.m in Sources */,
				9AAB07C81CB52E18008A5D9D /* AppDelegate.m in Sources */,
				9AAB07C51CB52E18008A5D9D /* main.m in Sources */,
			);
			runOnlyForDeploymentPostprocessing = 0;
		};
		9AAB07D51CB52E18008A5D9D /* Sources */ = {
			isa = PBXSourcesBuildPhase;
			buildActionMask = 2147483647;
			files = (
				9AAB07DE1CB52E18008A5D9D /* MyUICatalogTests.m in Sources */,
			);
			runOnlyForDeploymentPostprocessing = 0;
		};
/* End PBXSourcesBuildPhase section */

/* Begin PBXTargetDependency section */
		9AAB07DB1CB52E18008A5D9D /* PBXTargetDependency */ = {
			isa = PBXTargetDependency;
			target = 9AAB07BF1CB52E18008A5D9D /* MyUICatalog */;
			targetProxy = 9AAB07DA1CB52E18008A5D9D /* PBXContainerItemProxy */;
		};
/* End PBXTargetDependency section */

/* Begin PBXVariantGroup section */
		9AAB07CC1CB52E18008A5D9D /* Main.storyboard */ = {
			isa = PBXVariantGroup;
			children = (
				9AAB07CD1CB52E18008A5D9D /* Base */,
			);
			name = Main.storyboard;
			sourceTree = "<group>";
		};
		9AAB07D11CB52E18008A5D9D /* LaunchScreen.storyboard */ = {
			isa = PBXVariantGroup;
			children = (
				9AAB07D21CB52E18008A5D9D /* Base */,
			);
			name = LaunchScreen.storyboard;
			sourceTree = "<group>";
		};
/* End PBXVariantGroup section */

/* Begin XCBuildConfiguration section */
		9AAB07E01CB52E18008A5D9D /* Debug */ = {
			isa = XCBuildConfiguration;
			buildSettings = {
				ALWAYS_SEARCH_USER_PATHS = NO;
				CLANG_CXX_LANGUAGE_STANDARD = "gnu++0x";
				CLANG_CXX_LIBRARY = "libc++";
				CLANG_ENABLE_MODULES = YES;
				CLANG_ENABLE_OBJC_ARC = YES;
				CLANG_WARN_BOOL_CONVERSION = YES;
				CLANG_WARN_CONSTANT_CONVERSION = YES;
				CLANG_WARN_DIRECT_OBJC_ISA_USAGE = YES_ERROR;
				CLANG_WARN_EMPTY_BODY = YES;
				CLANG_WARN_ENUM_CONVERSION = YES;
				CLANG_WARN_INT_CONVERSION = YES;
				CLANG_WARN_OBJC_ROOT_CLASS = YES_ERROR;
				CLANG_WARN_UNREACHABLE_CODE = YES;
				CLANG_WARN__DUPLICATE_METHOD_MATCH = YES;
				"CODE_SIGN_IDENTITY[sdk=iphoneos*]" = "iPhone Developer";
				COPY_PHASE_STRIP = NO;
				DEBUG_INFORMATION_FORMAT = dwarf;
				ENABLE_STRICT_OBJC_MSGSEND = YES;
				ENABLE_TESTABILITY = YES;
				GCC_C_LANGUAGE_STANDARD = gnu99;
				GCC_DYNAMIC_NO_PIC = NO;
				GCC_NO_COMMON_BLOCKS = YES;
				GCC_OPTIMIZATION_LEVEL = 0;
				GCC_PREPROCESSOR_DEFINITIONS = (
					"DEBUG=1",
					"$(inherited)",
				);
				GCC_WARN_64_TO_32_BIT_CONVERSION = YES;
				GCC_WARN_ABOUT_RETURN_TYPE = YES_ERROR;
				GCC_WARN_UNDECLARED_SELECTOR = YES;
				GCC_WARN_UNINITIALIZED_AUTOS = YES_AGGRESSIVE;
				GCC_WARN_UNUSED_FUNCTION = YES;
				GCC_WARN_UNUSED_VARIABLE = YES;
				IPHONEOS_DEPLOYMENT_TARGET = 9.2;
				MTL_ENABLE_DEBUG_INFO = YES;
				ONLY_ACTIVE_ARCH = YES;
				SDKROOT = iphoneos;
			};
			name = Debug;
		};
		9AAB07E11CB52E18008A5D9D /* Release */ = {
			isa = XCBuildConfiguration;
			buildSettings = {
				ALWAYS_SEARCH_USER_PATHS = NO;
				CLANG_CXX_LANGUAGE_STANDARD = "gnu++0x";
				CLANG_CXX_LIBRARY = "libc++";
				CLANG_ENABLE_MODULES = YES;
				CLANG_ENABLE_OBJC_ARC = YES;
				CLANG_WARN_BOOL_CONVERSION = YES;
				CLANG_WARN_CONSTANT_CONVERSION = YES;
				CLANG_WARN_DIRECT_OBJC_ISA_USAGE = YES_ERROR;
				CLANG_WARN_EMPTY_BODY = YES;
				CLANG_WARN_ENUM_CONVERSION = YES;
				CLANG_WARN_INT_CONVERSION = YES;
				CLANG_WARN_OBJC_ROOT_CLASS = YES_ERROR;
				CLANG_WARN_UNREACHABLE_CODE = YES;
				CLANG_WARN__DUPLICATE_METHOD_MATCH = YES;
				"CODE_SIGN_IDENTITY[sdk=iphoneos*]" = "iPhone Developer";
				COPY_PHASE_STRIP = NO;
				DEBUG_INFORMATION_FORMAT = "dwarf-with-dsym";
				ENABLE_NS_ASSERTIONS = NO;
				ENABLE_STRICT_OBJC_MSGSEND = YES;
				GCC_C_LANGUAGE_STANDARD = gnu99;
				GCC_NO_COMMON_BLOCKS = YES;
				GCC_WARN_64_TO_32_BIT_CONVERSION = YES;
				GCC_WARN_ABOUT_RETURN_TYPE = YES_ERROR;
				GCC_WARN_UNDECLARED_SELECTOR = YES;
				GCC_WARN_UNINITIALIZED_AUTOS = YES_AGGRESSIVE;
				GCC_WARN_UNUSED_FUNCTION = YES;
				GCC_WARN_UNUSED_VARIABLE = YES;
				IPHONEOS_DEPLOYMENT_TARGET = 9.2;
				MTL_ENABLE_DEBUG_INFO = NO;
				SDKROOT = iphoneos;
				VALIDATE_PRODUCT = YES;
			};
			name = Release;
		};
		9AAB07E31CB52E18008A5D9D /* Debug */ = {
			isa = XCBuildConfiguration;
			buildSettings = {
				ASSETCATALOG_COMPILER_APPICON_NAME = AppIcon;
				INFOPLIST_FILE = MyUICatalog/Info.plist;
				IPHONEOS_DEPLOYMENT_TARGET = 7.0;
				LD_RUNPATH_SEARCH_PATHS = "$(inherited) @executable_path/Frameworks";
				PRODUCT_BUNDLE_IDENTIFIER = com.hanly.MyUICatalog;
				PRODUCT_NAME = "$(TARGET_NAME)";
			};
			name = Debug;
		};
		9AAB07E41CB52E18008A5D9D /* Release */ = {
			isa = XCBuildConfiguration;
			buildSettings = {
				ASSETCATALOG_COMPILER_APPICON_NAME = AppIcon;
				INFOPLIST_FILE = MyUICatalog/Info.plist;
				IPHONEOS_DEPLOYMENT_TARGET = 7.0;
				LD_RUNPATH_SEARCH_PATHS = "$(inherited) @executable_path/Frameworks";
				PRODUCT_BUNDLE_IDENTIFIER = com.hanly.MyUICatalog;
				PRODUCT_NAME = "$(TARGET_NAME)";
			};
			name = Release;
		};
		9AAB07E61CB52E18008A5D9D /* Debug */ = {
			isa = XCBuildConfiguration;
			buildSettings = {
				BUNDLE_LOADER = "$(TEST_HOST)";
				INFOPLIST_FILE = MyUICatalogTests/Info.plist;
				LD_RUNPATH_SEARCH_PATHS = "$(inherited) @executable_path/Frameworks @loader_path/Frameworks";
				PRODUCT_BUNDLE_IDENTIFIER = com.hanly.MyUICatalogTests;
				PRODUCT_NAME = "$(TARGET_NAME)";
				TEST_HOST = "$(BUILT_PRODUCTS_DIR)/MyUICatalog.app/MyUICatalog";
			};
			name = Debug;
		};
		9AAB07E71CB52E18008A5D9D /* Release */ = {
			isa = XCBuildConfiguration;
			buildSettings = {
				BUNDLE_LOADER = "$(TEST_HOST)";
				INFOPLIST_FILE = MyUICatalogTests/Info.plist;
				LD_RUNPATH_SEARCH_PATHS = "$(inherited) @executable_path/Frameworks @loader_path/Frameworks";
				PRODUCT_BUNDLE_IDENTIFIER = com.hanly.MyUICatalogTests;
				PRODUCT_NAME = "$(TARGET_NAME)";
				TEST_HOST = "$(BUILT_PRODUCTS_DIR)/MyUICatalog.app/MyUICatalog";
			};
			name = Release;
		};
/* End XCBuildConfiguration section */

/* Begin XCConfigurationList section */
		9AAB07BB1CB52E18008A5D9D /* Build configuration list for PBXProject "MyUICatalog" */ = {
			isa = XCConfigurationList;
			buildConfigurations = (
				9AAB07E01CB52E18008A5D9D /* Debug */,
				9AAB07E11CB52E18008A5D9D /* Release */,
			);
			defaultConfigurationIsVisible = 0;
			defaultConfigurationName = Release;
		};
		9AAB07E21CB52E18008A5D9D /* Build configuration list for PBXNativeTarget "MyUICatalog" */ = {
			isa = XCConfigurationList;
			buildConfigurations = (
				9AAB07E31CB52E18008A5D9D /* Debug */,
				9AAB07E41CB52E18008A5D9D /* Release */,
			);
			defaultConfigurationIsVisible = 0;
			defaultConfigurationName = Release;
		};
		9AAB07E51CB52E18008A5D9D /* Build configuration list for PBXNativeTarget "MyUICatalogTests" */ = {
			isa = XCConfigurationList;
			buildConfigurations = (
				9AAB07E61CB52E18008A5D9D /* Debug */,
				9AAB07E71CB52E18008A5D9D /* Release */,
			);
			defaultConfigurationIsVisible = 0;
			defaultConfigurationName = Release;
		};
/* End XCConfigurationList section */
	};
	rootObject = 9AAB07B81CB52E18008A5D9D /* Project object */;
}
